{
  "name": "assets",
  "lockfileVersion": 2,
  "requires": true,
  "packages": {
    "": {
      "dependencies": {
        "palette": "file:../deps/palette"
      }
    },
    "../deps/palette": {
      "version": "1.0.0"
    },
    "node_modules/palette": {
      "resolved": "../deps/palette",
      "link": true
    }
  },
  "dependencies": {
    "palette": {
      "version": "file:../deps/palette"
    }
  }
}
